
Microsoft Visual Studio Solution File, Format Version 12.00
# Visual Studio Version 17
VisualStudioVersion = 17.14.36310.24
MinimumVisualStudioVersion = 10.0.40219.1
Project("{FAE04EC0-301F-11D3-BF4B-00C04F79EFBC}") = "Uber.PLL", "Uber.PLL\Uber.PLL.csproj", "{1669054D-7B2B-4BC0-980C-B5CDBEF88318}"
EndProject
Project("{FAE04EC0-301F-11D3-BF4B-00C04F79EFBC}") = "Uber.DAL", "Uber.DAL\Uber.DAL.csproj", "{76F1A3BA-F6A5-4D9B-BC1E-F68B6CEEC09F}"
EndProject
Project("{FAE04EC0-301F-11D3-BF4B-00C04F79EFBC}") = "Uber.BLL", "Uber.BLL\Uber.BLL.csproj", "{3CDB2A93-E54D-4533-A76E-2EDFAB680279}"
EndProject
Global
	GlobalSection(SolutionConfigurationPlatforms) = preSolution
		Debug|Any CPU = Debug|Any CPU
		Release|Any CPU = Release|Any CPU
	EndGlobalSection
	GlobalSection(ProjectConfigurationPlatforms) = postSolution
		{1669054D-7B2B-4BC0-980C-B5CDBEF88318}.Debug|Any CPU.ActiveCfg = Debug|Any CPU
		{1669054D-7B2B-4BC0-980C-B5CDBEF88318}.Debug|Any CPU.Build.0 = Debug|Any CPU
		{1669054D-7B2B-4BC0-980C-B5CDBEF88318}.Release|Any CPU.ActiveCfg = Release|Any CPU
		{1669054D-7B2B-4BC0-980C-B5CDBEF88318}.Release|Any CPU.Build.0 = Release|Any CPU
		{76F1A3BA-F6A5-4D9B-BC1E-F68B6CEEC09F}.Debug|Any CPU.ActiveCfg = Debug|Any CPU
		{76F1A3BA-F6A5-4D9B-BC1E-F68B6CEEC09F}.Debug|Any CPU.Build.0 = Debug|Any CPU
		{76F1A3BA-F6A5-4D9B-BC1E-F68B6CEEC09F}.Release|Any CPU.ActiveCfg = Release|Any CPU
		{76F1A3BA-F6A5-4D9B-BC1E-F68B6CEEC09F}.Release|Any CPU.Build.0 = Release|Any CPU
		{3CDB2A93-E54D-4533-A76E-2EDFAB680279}.Debug|Any CPU.ActiveCfg = Debug|Any CPU
		{3CDB2A93-E54D-4533-A76E-2EDFAB680279}.Debug|Any CPU.Build.0 = Debug|Any CPU
		{3CDB2A93-E54D-4533-A76E-2EDFAB680279}.Release|Any CPU.ActiveCfg = Release|Any CPU
		{3CDB2A93-E54D-4533-A76E-2EDFAB680279}.Release|Any CPU.Build.0 = Release|Any CPU
	EndGlobalSection
	GlobalSection(SolutionProperties) = preSolution
		HideSolutionNode = FALSE
	EndGlobalSection
	GlobalSection(ExtensibilityGlobals) = postSolution
		SolutionGuid = {F9B0B3ED-6B07-4CE2-AE77-821596B2F3FF}
	EndGlobalSection
EndGlobal
